
Microsoft Visual Studio Solution File, Format Version 12.00
# Visual Studio Version 17
VisualStudioVersion = 17.8.34408.163
MinimumVisualStudioVersion = 10.0.40219.1
Project("{9A19103F-16F7-4668-BE54-9A1E7A4F7556}") = "ClientGUI", "ClientGUI\ClientGUI.csproj", "{FDDD64DC-DAEC-4727-9A80-5678525C2658}"
EndProject
Project("{9A19103F-16F7-4668-BE54-9A1E7A4F7556}") = "AgarioModels", "AgarioModels\AgarioModels.csproj", "{D489B703-E6DF-4B15-80C3-6A4AE1156D96}"
EndProject
Project("{9A19103F-16F7-4668-BE54-9A1E7A4F7556}") = "Communications", "Communications\Communications.csproj", "{402C6A69-8443-4040-8F73-A77B0D3762B4}"
EndProject
Project("{9A19103F-16F7-4668-BE54-9A1E7A4F7556}") = "Logger", "Logger\Logger.csproj", "{C3746862-056D-4436-B94C-79A59217F219}"
EndProject
Project("{2150E333-8FDC-42A3-9474-1A3956D46DE8}") = "解决方案项", "解决方案项", "{C41582F6-AFDB-4D0B-A086-EF1AC03BECF3}"
	ProjectSection(SolutionItems) = preProject
		README.md = README.md
	EndProjectSection
EndProject
Global
	GlobalSection(SolutionConfigurationPlatforms) = preSolution
		Debug|Any CPU = Debug|Any CPU
		Release|Any CPU = Release|Any CPU
	EndGlobalSection
	GlobalSection(ProjectConfigurationPlatforms) = postSolution
		{FDDD64DC-DAEC-4727-9A80-5678525C2658}.Debug|Any CPU.ActiveCfg = Debug|Any CPU
		{FDDD64DC-DAEC-4727-9A80-5678525C2658}.Debug|Any CPU.Build.0 = Debug|Any CPU
		{FDDD64DC-DAEC-4727-9A80-5678525C2658}.Debug|Any CPU.Deploy.0 = Debug|Any CPU
		{FDDD64DC-DAEC-4727-9A80-5678525C2658}.Release|Any CPU.ActiveCfg = Release|Any CPU
		{FDDD64DC-DAEC-4727-9A80-5678525C2658}.Release|Any CPU.Build.0 = Release|Any CPU
		{FDDD64DC-DAEC-4727-9A80-5678525C2658}.Release|Any CPU.Deploy.0 = Release|Any CPU
		{D489B703-E6DF-4B15-80C3-6A4AE1156D96}.Debug|Any CPU.ActiveCfg = Debug|Any CPU
		{D489B703-E6DF-4B15-80C3-6A4AE1156D96}.Debug|Any CPU.Build.0 = Debug|Any CPU
		{D489B703-E6DF-4B15-80C3-6A4AE1156D96}.Release|Any CPU.ActiveCfg = Release|Any CPU
		{D489B703-E6DF-4B15-80C3-6A4AE1156D96}.Release|Any CPU.Build.0 = Release|Any CPU
		{402C6A69-8443-4040-8F73-A77B0D3762B4}.Debug|Any CPU.ActiveCfg = Debug|Any CPU
		{402C6A69-8443-4040-8F73-A77B0D3762B4}.Debug|Any CPU.Build.0 = Debug|Any CPU
		{402C6A69-8443-4040-8F73-A77B0D3762B4}.Release|Any CPU.ActiveCfg = Release|Any CPU
		{402C6A69-8443-4040-8F73-A77B0D3762B4}.Release|Any CPU.Build.0 = Release|Any CPU
		{C3746862-056D-4436-B94C-79A59217F219}.Debug|Any CPU.ActiveCfg = Debug|Any CPU
		{C3746862-056D-4436-B94C-79A59217F219}.Debug|Any CPU.Build.0 = Debug|Any CPU
		{C3746862-056D-4436-B94C-79A59217F219}.Release|Any CPU.ActiveCfg = Release|Any CPU
		{C3746862-056D-4436-B94C-79A59217F219}.Release|Any CPU.Build.0 = Release|Any CPU
	EndGlobalSection
	GlobalSection(SolutionProperties) = preSolution
		HideSolutionNode = FALSE
	EndGlobalSection
	GlobalSection(ExtensibilityGlobals) = postSolution
		SolutionGuid = {02FAE036-9F93-47F6-AC90-795F5EE884A9}
	EndGlobalSection
EndGlobal
